
Microsoft Visual Studio Solution File, Format Version 12.00
# Visual Studio Version 17
VisualStudioVersion = 17.9.34728.123
MinimumVisualStudioVersion = 10.0.40219.1
Project("{FAE04EC0-301F-11D3-BF4B-00C04F79EFBC}") = "5", "5.csproj", "{ED6DB464-0D18-4D25-A7DC-92B39E2B7804}"
EndProject
Project("{FAE04EC0-301F-11D3-BF4B-00C04F79EFBC}") = "6", "..\6\6.csproj", "{C302E83B-B280-44F7-B500-549CAFA425F9}"
EndProject
Project("{FAE04EC0-301F-11D3-BF4B-00C04F79EFBC}") = "7", "..\7\7.csproj", "{9DC94107-AC03-48AD-8336-9402944C6EF2}"
EndProject
Global
	GlobalSection(SolutionConfigurationPlatforms) = preSolution
		Debug|Any CPU = Debug|Any CPU
		Release|Any CPU = Release|Any CPU
	EndGlobalSection
	GlobalSection(ProjectConfigurationPlatforms) = postSolution
		{ED6DB464-0D18-4D25-A7DC-92B39E2B7804}.Debug|Any CPU.ActiveCfg = Debug|Any CPU
		{ED6DB464-0D18-4D25-A7DC-92B39E2B7804}.Debug|Any CPU.Build.0 = Debug|Any CPU
		{ED6DB464-0D18-4D25-A7DC-92B39E2B7804}.Release|Any CPU.ActiveCfg = Release|Any CPU
		{ED6DB464-0D18-4D25-A7DC-92B39E2B7804}.Release|Any CPU.Build.0 = Release|Any CPU
		{C302E83B-B280-44F7-B500-549CAFA425F9}.Debug|Any CPU.ActiveCfg = Debug|Any CPU
		{C302E83B-B280-44F7-B500-549CAFA425F9}.Debug|Any CPU.Build.0 = Debug|Any CPU
		{C302E83B-B280-44F7-B500-549CAFA425F9}.Release|Any CPU.ActiveCfg = Release|Any CPU
		{C302E83B-B280-44F7-B500-549CAFA425F9}.Release|Any CPU.Build.0 = Release|Any CPU
		{9DC94107-AC03-48AD-8336-9402944C6EF2}.Debug|Any CPU.ActiveCfg = Debug|Any CPU
		{9DC94107-AC03-48AD-8336-9402944C6EF2}.Debug|Any CPU.Build.0 = Debug|Any CPU
		{9DC94107-AC03-48AD-8336-9402944C6EF2}.Release|Any CPU.ActiveCfg = Release|Any CPU
		{9DC94107-AC03-48AD-8336-9402944C6EF2}.Release|Any CPU.Build.0 = Release|Any CPU
	EndGlobalSection
	GlobalSection(SolutionProperties) = preSolution
		HideSolutionNode = FALSE
	EndGlobalSection
	GlobalSection(ExtensibilityGlobals) = postSolution
		SolutionGuid = {F2C56556-B078-41A3-89A1-75D10082FA46}
	EndGlobalSection
EndGlobal
